
Microsoft Visual Studio Solution File, Format Version 12.00
# Visual Studio Version 16
VisualStudioVersion = 16.0.31205.134
MinimumVisualStudioVersion = 10.0.40219.1
Project("{FAE04EC0-301F-11D3-BF4B-00C04F79EFBC}") = "Draw", "Draw.csproj", "{7F03C92B-1B45-4C3C-910B-7FD591307406}"
EndProject
Global
	GlobalSection(SolutionConfigurationPlatforms) = preSolution
		Debug|Any CPU = Debug|Any CPU
		Release|Any CPU = Release|Any CPU
	EndGlobalSection
	GlobalSection(ProjectConfigurationPlatforms) = postSolution
		{7F03C92B-1B45-4C3C-910B-7FD591307406}.Debug|Any CPU.ActiveCfg = Debug|Any CPU
		{7F03C92B-1B45-4C3C-910B-7FD591307406}.Debug|Any CPU.Build.0 = Debug|Any CPU
		{7F03C92B-1B45-4C3C-910B-7FD591307406}.Release|Any CPU.ActiveCfg = Release|Any CPU
		{7F03C92B-1B45-4C3C-910B-7FD591307406}.Release|Any CPU.Build.0 = Release|Any CPU
	EndGlobalSection
	GlobalSection(SolutionProperties) = preSolution
		HideSolutionNode = FALSE
	EndGlobalSection
	GlobalSection(ExtensibilityGlobals) = postSolution
		SolutionGuid = {55E70BF6-EC9A-4AA7-98F9-99F118966B07}
	EndGlobalSection
EndGlobal
